
Microsoft Visual Studio Solution File, Format Version 12.00
# Visual Studio Version 17
VisualStudioVersion = 17.6.33815.320
MinimumVisualStudioVersion = 10.0.40219.1
Project("{FAE04EC0-301F-11D3-BF4B-00C04F79EFBC}") = "Project_MinimalApi_ToDoList", "Project_MinimalApi_ToDoList.csproj", "{445E3F31-0F44-490A-BED7-2B4EFB93875E}"
EndProject
Project("{FAE04EC0-301F-11D3-BF4B-00C04F79EFBC}") = "Domain", "..\Domain\Domain.csproj", "{98333F80-6C73-4375-9478-6F28EFD56FFB}"
EndProject
Project("{FAE04EC0-301F-11D3-BF4B-00C04F79EFBC}") = "Application", "..\Application\Application.csproj", "{E027D58E-D16E-4490-B912-48C1D73E3DDC}"
EndProject
Project("{FAE04EC0-301F-11D3-BF4B-00C04F79EFBC}") = "DataAccess", "..\DataAccess\DataAccess.csproj", "{42FB757E-FE4A-4DC5-920D-3E9603163BD3}"
EndProject
Project("{FAE04EC0-301F-11D3-BF4B-00C04F79EFBC}") = "Project_MinimalApi_ToDoList_Test", "..\Project_MinimalApi_ToDoList_Test\Project_MinimalApi_ToDoList_Test.csproj", "{4E2EDC5A-7E79-4513-9CB4-1F7809D3288B}"
EndProject
Global
	GlobalSection(SolutionConfigurationPlatforms) = preSolution
		Debug|Any CPU = Debug|Any CPU
		Release|Any CPU = Release|Any CPU
	EndGlobalSection
	GlobalSection(ProjectConfigurationPlatforms) = postSolution
		{445E3F31-0F44-490A-BED7-2B4EFB93875E}.Debug|Any CPU.ActiveCfg = Debug|Any CPU
		{445E3F31-0F44-490A-BED7-2B4EFB93875E}.Debug|Any CPU.Build.0 = Debug|Any CPU
		{445E3F31-0F44-490A-BED7-2B4EFB93875E}.Release|Any CPU.ActiveCfg = Release|Any CPU
		{445E3F31-0F44-490A-BED7-2B4EFB93875E}.Release|Any CPU.Build.0 = Release|Any CPU
		{98333F80-6C73-4375-9478-6F28EFD56FFB}.Debug|Any CPU.ActiveCfg = Debug|Any CPU
		{98333F80-6C73-4375-9478-6F28EFD56FFB}.Debug|Any CPU.Build.0 = Debug|Any CPU
		{98333F80-6C73-4375-9478-6F28EFD56FFB}.Release|Any CPU.ActiveCfg = Release|Any CPU
		{98333F80-6C73-4375-9478-6F28EFD56FFB}.Release|Any CPU.Build.0 = Release|Any CPU
		{E027D58E-D16E-4490-B912-48C1D73E3DDC}.Debug|Any CPU.ActiveCfg = Debug|Any CPU
		{E027D58E-D16E-4490-B912-48C1D73E3DDC}.Debug|Any CPU.Build.0 = Debug|Any CPU
		{E027D58E-D16E-4490-B912-48C1D73E3DDC}.Release|Any CPU.ActiveCfg = Release|Any CPU
		{E027D58E-D16E-4490-B912-48C1D73E3DDC}.Release|Any CPU.Build.0 = Release|Any CPU
		{42FB757E-FE4A-4DC5-920D-3E9603163BD3}.Debug|Any CPU.ActiveCfg = Debug|Any CPU
		{42FB757E-FE4A-4DC5-920D-3E9603163BD3}.Debug|Any CPU.Build.0 = Debug|Any CPU
		{42FB757E-FE4A-4DC5-920D-3E9603163BD3}.Release|Any CPU.ActiveCfg = Release|Any CPU
		{42FB757E-FE4A-4DC5-920D-3E9603163BD3}.Release|Any CPU.Build.0 = Release|Any CPU
		{4E2EDC5A-7E79-4513-9CB4-1F7809D3288B}.Debug|Any CPU.ActiveCfg = Debug|Any CPU
		{4E2EDC5A-7E79-4513-9CB4-1F7809D3288B}.Debug|Any CPU.Build.0 = Debug|Any CPU
		{4E2EDC5A-7E79-4513-9CB4-1F7809D3288B}.Release|Any CPU.ActiveCfg = Release|Any CPU
		{4E2EDC5A-7E79-4513-9CB4-1F7809D3288B}.Release|Any CPU.Build.0 = Release|Any CPU
	EndGlobalSection
	GlobalSection(SolutionProperties) = preSolution
		HideSolutionNode = FALSE
	EndGlobalSection
	GlobalSection(ExtensibilityGlobals) = postSolution
		SolutionGuid = {20F175BA-969C-439B-8970-5EFD5799F6D6}
	EndGlobalSection
EndGlobal
